
Microsoft Visual Studio Solution File, Format Version 12.00
# Visual Studio Version 17
VisualStudioVersion = 17.0.31903.59
MinimumVisualStudioVersion = 10.0.40219.1
Project("{FAE04EC0-301F-11D3-BF4B-00C04F79EFBC}") = "GameTracker.API", "GameTracker.API\GameTracker.API.csproj", "{06D63639-45F8-6DAC-A71F-A05DB2ECC5CA}"
EndProject
Project("{FAE04EC0-301F-11D3-BF4B-00C04F79EFBC}") = "GameTracker.Core", "GameTracker.Core\GameTracker.Core.csproj", "{C5C9EC63-94A6-4A73-A78C-4557A8758A26}"
EndProject
Project("{FAE04EC0-301F-11D3-BF4B-00C04F79EFBC}") = "GameTracker.Infrastructure", "GameTracker.infrastructure\GameTracker.Infrastructure.csproj", "{9BA2EFE7-65B1-2C8A-0503-49ACA7C4BCD1}"
EndProject
Global
	GlobalSection(SolutionConfigurationPlatforms) = preSolution
		Debug|Any CPU = Debug|Any CPU
		Release|Any CPU = Release|Any CPU
	EndGlobalSection
	GlobalSection(ProjectConfigurationPlatforms) = postSolution
		{06D63639-45F8-6DAC-A71F-A05DB2ECC5CA}.Debug|Any CPU.ActiveCfg = Debug|Any CPU
		{06D63639-45F8-6DAC-A71F-A05DB2ECC5CA}.Debug|Any CPU.Build.0 = Debug|Any CPU
		{06D63639-45F8-6DAC-A71F-A05DB2ECC5CA}.Release|Any CPU.ActiveCfg = Release|Any CPU
		{06D63639-45F8-6DAC-A71F-A05DB2ECC5CA}.Release|Any CPU.Build.0 = Release|Any CPU
		{C5C9EC63-94A6-4A73-A78C-4557A8758A26}.Debug|Any CPU.ActiveCfg = Debug|Any CPU
		{C5C9EC63-94A6-4A73-A78C-4557A8758A26}.Debug|Any CPU.Build.0 = Debug|Any CPU
		{C5C9EC63-94A6-4A73-A78C-4557A8758A26}.Release|Any CPU.ActiveCfg = Release|Any CPU
		{C5C9EC63-94A6-4A73-A78C-4557A8758A26}.Release|Any CPU.Build.0 = Release|Any CPU
		{9BA2EFE7-65B1-2C8A-0503-49ACA7C4BCD1}.Debug|Any CPU.ActiveCfg = Debug|Any CPU
		{9BA2EFE7-65B1-2C8A-0503-49ACA7C4BCD1}.Debug|Any CPU.Build.0 = Debug|Any CPU
		{9BA2EFE7-65B1-2C8A-0503-49ACA7C4BCD1}.Release|Any CPU.ActiveCfg = Release|Any CPU
		{9BA2EFE7-65B1-2C8A-0503-49ACA7C4BCD1}.Release|Any CPU.Build.0 = Release|Any CPU
	EndGlobalSection
	GlobalSection(SolutionProperties) = preSolution
		HideSolutionNode = FALSE
	EndGlobalSection
	GlobalSection(ExtensibilityGlobals) = postSolution
		SolutionGuid = {94A029B2-6047-4A55-B008-29D41F34A776}
	EndGlobalSection
EndGlobal
